
Microsoft Visual Studio Solution File, Format Version 12.00
# Visual Studio Version 17
VisualStudioVersion = 17.14.36511.14 d17.14
MinimumVisualStudioVersion = 10.0.40219.1
Project("{FAE04EC0-301F-11D3-BF4B-00C04F79EFBC}") = "E-Learning.API", "E-Learning.API\E-Learning.API.csproj", "{F14BD7C7-E08E-4A13-B0B7-B37E61AD326A}"
EndProject
Global
	GlobalSection(SolutionConfigurationPlatforms) = preSolution
		Debug|Any CPU = Debug|Any CPU
		Release|Any CPU = Release|Any CPU
	EndGlobalSection
	GlobalSection(ProjectConfigurationPlatforms) = postSolution
		{F14BD7C7-E08E-4A13-B0B7-B37E61AD326A}.Debug|Any CPU.ActiveCfg = Debug|Any CPU
		{F14BD7C7-E08E-4A13-B0B7-B37E61AD326A}.Debug|Any CPU.Build.0 = Debug|Any CPU
		{F14BD7C7-E08E-4A13-B0B7-B37E61AD326A}.Release|Any CPU.ActiveCfg = Release|Any CPU
		{F14BD7C7-E08E-4A13-B0B7-B37E61AD326A}.Release|Any CPU.Build.0 = Release|Any CPU
	EndGlobalSection
	GlobalSection(SolutionProperties) = preSolution
		HideSolutionNode = FALSE
	EndGlobalSection
	GlobalSection(ExtensibilityGlobals) = postSolution
		SolutionGuid = {C6A0D1C8-F9F8-421E-A91B-8B70DF808374}
	EndGlobalSection
EndGlobal
